// !$*UTF8*$!
{
	archiveVersion = 1;
	classes = {
	};
	objectVersion = 51;
	objects = {

/* Begin PBXBuildFile section */
		39677C1BE5A65118358B39B7 /* Pods_memoooooo.framework in Frameworks */ = {isa = PBXBuildFile; fileRef = A228569442217B3698791D77 /* Pods_memoooooo.framework */; };
		C10BAE9225A1D06300AE90C0 /* memoObject.swift in Sources */ = {isa = PBXBuildFile; fileRef = C10BAE9125A1D06300AE90C0 /* memoObject.swift */; };
		C10BAE9D25A1FFE500AE90C0 /* RealmUtil.swift in Sources */ = {isa = PBXBuildFile; fileRef = C10BAE9C25A1FFE500AE90C0 /* RealmUtil.swift */; };
		C10BAEA725A207DF00AE90C0 /* Interface.storyboard in Resources */ = {isa = PBXBuildFile; fileRef = C10BAEA525A207DF00AE90C0 /* Interface.storyboard */; };
		C10BAEA925A207E000AE90C0 /* Assets.xcassets in Resources */ = {isa = PBXBuildFile; fileRef = C10BAEA825A207E000AE90C0 /* Assets.xcassets */; };
		C10BAEB025A207E000AE90C0 /* watch Extension.appex in Embed App Extensions */ = {isa = PBXBuildFile; fileRef = C10BAEAF25A207E000AE90C0 /* watch Extension.appex */; settings = {ATTRIBUTES = (RemoveHeadersOnCopy, ); }; };
		C10BAEB525A207E000AE90C0 /* InterfaceController.swift in Sources */ = {isa = PBXBuildFile; fileRef = C10BAEB425A207E000AE90C0 /* InterfaceController.swift */; };
		C10BAEB725A207E000AE90C0 /* ExtensionDelegate.swift in Sources */ = {isa = PBXBuildFile; fileRef = C10BAEB625A207E000AE90C0 /* ExtensionDelegate.swift */; };
		C10BAEB925A207E000AE90C0 /* NotificationController.swift in Sources */ = {isa = PBXBuildFile; fileRef = C10BAEB825A207E000AE90C0 /* NotificationController.swift */; };
		C10BAEBB25A207E000AE90C0 /* ComplicationController.swift in Sources */ = {isa = PBXBuildFile; fileRef = C10BAEBA25A207E000AE90C0 /* ComplicationController.swift */; };
		C10BAEBD25A207E100AE90C0 /* Assets.xcassets in Resources */ = {isa = PBXBuildFile; fileRef = C10BAEBC25A207E100AE90C0 /* Assets.xcassets */; };
		C10BAEC225A207E100AE90C0 /* watch.app in Embed Watch Content */ = {isa = PBXBuildFile; fileRef = C10BAEA325A207DF00AE90C0 /* watch.app */; settings = {ATTRIBUTES = (RemoveHeadersOnCopy, ); }; };
		C10BAEE025A212D300AE90C0 /* ItemRow.swift in Sources */ = {isa = PBXBuildFile; fileRef = C10BAEDF25A212D300AE90C0 /* ItemRow.swift */; };
		C157456B25A1C710007C4139 /* listTableViewCell.swift in Sources */ = {isa = PBXBuildFile; fileRef = C157456925A1C710007C4139 /* listTableViewCell.swift */; };
		C157456C25A1C710007C4139 /* listTableViewCell.xib in Resources */ = {isa = PBXBuildFile; fileRef = C157456A25A1C710007C4139 /* listTableViewCell.xib */; };
		C1B2094E25A1A83500EBE15A /* AppDelegate.swift in Sources */ = {isa = PBXBuildFile; fileRef = C1B2094D25A1A83500EBE15A /* AppDelegate.swift */; };
		C1B2095025A1A83500EBE15A /* SceneDelegate.swift in Sources */ = {isa = PBXBuildFile; fileRef = C1B2094F25A1A83500EBE15A /* SceneDelegate.swift */; };
		C1B2095225A1A83500EBE15A /* ViewController.swift in Sources */ = {isa = PBXBuildFile; fileRef = C1B2095125A1A83500EBE15A /* ViewController.swift */; };
		C1B2095825A1A83500EBE15A /* memoooooo.xcdatamodeld in Sources */ = {isa = PBXBuildFile; fileRef = C1B2095625A1A83500EBE15A /* memoooooo.xcdatamodeld */; };
		C1B2095A25A1A83600EBE15A /* Assets.xcassets in Resources */ = {isa = PBXBuildFile; fileRef = C1B2095925A1A83600EBE15A /* Assets.xcassets */; };
		C1B2095D25A1A83600EBE15A /* LaunchScreen.storyboard in Resources */ = {isa = PBXBuildFile; fileRef = C1B2095B25A1A83600EBE15A /* LaunchScreen.storyboard */; };
		C1B2096825A1A83600EBE15A /* memooooooTests.swift in Sources */ = {isa = PBXBuildFile; fileRef = C1B2096725A1A83600EBE15A /* memooooooTests.swift */; };
		C1B2097325A1A83600EBE15A /* memooooooUITests.swift in Sources */ = {isa = PBXBuildFile; fileRef = C1B2097225A1A83600EBE15A /* memooooooUITests.swift */; };
		C1B2098825A1A88300EBE15A /* mainViewController.swift in Sources */ = {isa = PBXBuildFile; fileRef = C1B2098625A1A88300EBE15A /* mainViewController.swift */; };
		C1B2098925A1A88300EBE15A /* mainViewController.xib in Resources */ = {isa = PBXBuildFile; fileRef = C1B2098725A1A88300EBE15A /* mainViewController.xib */; };
/* End PBXBuildFile section */

/* Begin PBXContainerItemProxy section */
		C10BAEB125A207E000AE90C0 /* PBXContainerItemProxy */ = {
			isa = PBXContainerItemProxy;
			containerPortal = C1B2094225A1A83500EBE15A /* Project object */;
			proxyType = 1;
			remoteGlobalIDString = C10BAEAE25A207E000AE90C0;
			remoteInfo = "watch Extension";
		};
		C10BAEC025A207E100AE90C0 /* PBXContainerItemProxy */ = {
			isa = PBXContainerItemProxy;
			containerPortal = C1B2094225A1A83500EBE15A /* Project object */;
			proxyType = 1;
			remoteGlobalIDString = C10BAEA225A207DF00AE90C0;
			remoteInfo = watch;
		};
		C1B2096425A1A83600EBE15A /* PBXContainerItemProxy */ = {
			isa = PBXContainerItemProxy;
			containerPortal = C1B2094225A1A83500EBE15A /* Project object */;
			proxyType = 1;
			remoteGlobalIDString = C1B2094925A1A83500EBE15A;
			remoteInfo = memoooooo;
		};
		C1B2096F25A1A83600EBE15A /* PBXContainerItemProxy */ = {
			isa = PBXContainerItemProxy;
			containerPortal = C1B2094225A1A83500EBE15A /* Project object */;
			proxyType = 1;
			remoteGlobalIDString = C1B2094925A1A83500EBE15A;
			remoteInfo = memoooooo;
		};
/* End PBXContainerItemProxy section */

/* Begin PBXCopyFilesBuildPhase section */
		C10BAEC625A207E100AE90C0 /* Embed App Extensions */ = {
			isa = PBXCopyFilesBuildPhase;
			buildActionMask = 2147483647;
			dstPath = "";
			dstSubfolderSpec = 13;
			files = (
				C10BAEB025A207E000AE90C0 /* watch Extension.appex in Embed App Extensions */,
			);
			name = "Embed App Extensions";
			runOnlyForDeploymentPostprocessing = 0;
		};
		C10BAECA25A207E100AE90C0 /* Embed Watch Content */ = {
			isa = PBXCopyFilesBuildPhase;
			buildActionMask = 2147483647;
			dstPath = "$(CONTENTS_FOLDER_PATH)/Watch";
			dstSubfolderSpec = 16;
			files = (
				C10BAEC225A207E100AE90C0 /* watch.app in Embed Watch Content */,
			);
			name = "Embed Watch Content";
			runOnlyForDeploymentPostprocessing = 0;
		};
/* End PBXCopyFilesBuildPhase section */

/* Begin PBXFileReference section */
		3E3084E2E19F1BBCE0A60276 /* Pods-memoooooo.release.xcconfig */ = {isa = PBXFileReference; includeInIndex = 1; lastKnownFileType = text.xcconfig; name = "Pods-memoooooo.release.xcconfig"; path = "Target Support Files/Pods-memoooooo/Pods-memoooooo.release.xcconfig"; sourceTree = "<group>"; };
		A228569442217B3698791D77 /* Pods_memoooooo.framework */ = {isa = PBXFileReference; explicitFileType = wrapper.framework; includeInIndex = 0; path = Pods_memoooooo.framework; sourceTree = BUILT_PRODUCTS_DIR; };
		C10BAE9125A1D06300AE90C0 /* memoObject.swift */ = {isa = PBXFileReference; lastKnownFileType = sourcecode.swift; path = memoObject.swift; sourceTree = "<group>"; };
		C10BAE9C25A1FFE500AE90C0 /* RealmUtil.swift */ = {isa = PBXFileReference; lastKnownFileType = sourcecode.swift; path = RealmUtil.swift; sourceTree = "<group>"; };
		C10BAEA325A207DF00AE90C0 /* watch.app */ = {isa = PBXFileReference; explicitFileType = wrapper.application; includeInIndex = 0; path = watch.app; sourceTree = BUILT_PRODUCTS_DIR; };
		C10BAEA625A207DF00AE90C0 /* Base */ = {isa = PBXFileReference; lastKnownFileType = file.storyboard; name = Base; path = Base.lproj/Interface.storyboard; sourceTree = "<group>"; };
		C10BAEA825A207E000AE90C0 /* Assets.xcassets */ = {isa = PBXFileReference; lastKnownFileType = folder.assetcatalog; path = Assets.xcassets; sourceTree = "<group>"; };
		C10BAEAA25A207E000AE90C0 /* Info.plist */ = {isa = PBXFileReference; lastKnownFileType = text.plist.xml; path = Info.plist; sourceTree = "<group>"; };
		C10BAEAF25A207E000AE90C0 /* watch Extension.appex */ = {isa = PBXFileReference; explicitFileType = "wrapper.app-extension"; includeInIndex = 0; path = "watch Extension.appex"; sourceTree = BUILT_PRODUCTS_DIR; };
		C10BAEB425A207E000AE90C0 /* InterfaceController.swift */ = {isa = PBXFileReference; lastKnownFileType = sourcecode.swift; path = InterfaceController.swift; sourceTree = "<group>"; };
		C10BAEB625A207E000AE90C0 /* ExtensionDelegate.swift */ = {isa = PBXFileReference; lastKnownFileType = sourcecode.swift; path = ExtensionDelegate.swift; sourceTree = "<group>"; };
		C10BAEB825A207E000AE90C0 /* NotificationController.swift */ = {isa = PBXFileReference; lastKnownFileType = sourcecode.swift; path = NotificationController.swift; sourceTree = "<group>"; };
		C10BAEBA25A207E000AE90C0 /* ComplicationController.swift */ = {isa = PBXFileReference; lastKnownFileType = sourcecode.swift; path = ComplicationController.swift; sourceTree = "<group>"; };
		C10BAEBC25A207E100AE90C0 /* Assets.xcassets */ = {isa = PBXFileReference; lastKnownFileType = folder.assetcatalog; path = Assets.xcassets; sourceTree = "<group>"; };
		C10BAEBE25A207E100AE90C0 /* Info.plist */ = {isa = PBXFileReference; lastKnownFileType = text.plist.xml; path = Info.plist; sourceTree = "<group>"; };
		C10BAEBF25A207E100AE90C0 /* PushNotificationPayload.apns */ = {isa = PBXFileReference; lastKnownFileType = text; path = PushNotificationPayload.apns; sourceTree = "<group>"; };
		C10BAEDF25A212D300AE90C0 /* ItemRow.swift */ = {isa = PBXFileReference; lastKnownFileType = sourcecode.swift; path = ItemRow.swift; sourceTree = "<group>"; };
		C157456925A1C710007C4139 /* listTableViewCell.swift */ = {isa = PBXFileReference; lastKnownFileType = sourcecode.swift; path = listTableViewCell.swift; sourceTree = "<group>"; };
		C157456A25A1C710007C4139 /* listTableViewCell.xib */ = {isa = PBXFileReference; lastKnownFileType = file.xib; path = listTableViewCell.xib; sourceTree = "<group>"; };
		C1B2094A25A1A83500EBE15A /* memoooooo.app */ = {isa = PBXFileReference; explicitFileType = wrapper.application; includeInIndex = 0; path = memoooooo.app; sourceTree = BUILT_PRODUCTS_DIR; };
		C1B2094D25A1A83500EBE15A /* AppDelegate.swift */ = {isa = PBXFileReference; lastKnownFileType = sourcecode.swift; path = AppDelegate.swift; sourceTree = "<group>"; };
		C1B2094F25A1A83500EBE15A /* SceneDelegate.swift */ = {isa = PBXFileReference; lastKnownFileType = sourcecode.swift; path = SceneDelegate.swift; sourceTree = "<group>"; };
		C1B2095125A1A83500EBE15A /* ViewController.swift */ = {isa = PBXFileReference; lastKnownFileType = sourcecode.swift; path = ViewController.swift; sourceTree = "<group>"; };
		C1B2095725A1A83500EBE15A /* memoooooo.xcdatamodel */ = {isa = PBXFileReference; lastKnownFileType = wrapper.xcdatamodel; path = memoooooo.xcdatamodel; sourceTree = "<group>"; };
		C1B2095925A1A83600EBE15A /* Assets.xcassets */ = {isa = PBXFileReference; lastKnownFileType = folder.assetcatalog; path = Assets.xcassets; sourceTree = "<group>"; };
		C1B2095C25A1A83600EBE15A /* Base */ = {isa = PBXFileReference; lastKnownFileType = file.storyboard; name = Base; path = Base.lproj/LaunchScreen.storyboard; sourceTree = "<group>"; };
		C1B2095E25A1A83600EBE15A /* Info.plist */ = {isa = PBXFileReference; lastKnownFileType = text.plist.xml; path = Info.plist; sourceTree = "<group>"; };
		C1B2096325A1A83600EBE15A /* memooooooTests.xctest */ = {isa = PBXFileReference; explicitFileType = wrapper.cfbundle; includeInIndex = 0; path = memooooooTests.xctest; sourceTree = BUILT_PRODUCTS_DIR; };
		C1B2096725A1A83600EBE15A /* memooooooTests.swift */ = {isa = PBXFileReference; lastKnownFileType = sourcecode.swift; path = memooooooTests.swift; sourceTree = "<group>"; };
		C1B2096925A1A83600EBE15A /* Info.plist */ = {isa = PBXFileReference; lastKnownFileType = text.plist.xml; path = Info.plist; sourceTree = "<group>"; };
		C1B2096E25A1A83600EBE15A /* memooooooUITests.xctest */ = {isa = PBXFileReference; explicitFileType = wrapper.cfbundle; includeInIndex = 0; path = memooooooUITests.xctest; sourceTree = BUILT_PRODUCTS_DIR; };
		C1B2097225A1A83600EBE15A /* memooooooUITests.swift */ = {isa = PBXFileReference; lastKnownFileType = sourcecode.swift; path = memooooooUITests.swift; sourceTree = "<group>"; };
		C1B2097425A1A83600EBE15A /* Info.plist */ = {isa = PBXFileReference; lastKnownFileType = text.plist.xml; path = Info.plist; sourceTree = "<group>"; };
		C1B2098625A1A88300EBE15A /* mainViewController.swift */ = {isa = PBXFileReference; lastKnownFileType = sourcecode.swift; path = mainViewController.swift; sourceTree = "<group>"; };
		C1B2098725A1A88300EBE15A /* mainViewController.xib */ = {isa = PBXFileReference; lastKnownFileType = file.xib; path = mainViewController.xib; sourceTree = "<group>"; };
		DD6C58167B7933CD1C35A834 /* Pods-memoooooo.debug.xcconfig */ = {isa = PBXFileReference; includeInIndex = 1; lastKnownFileType = text.xcconfig; name = "Pods-memoooooo.debug.xcconfig"; path = "Target Support Files/Pods-memoooooo/Pods-memoooooo.debug.xcconfig"; sourceTree = "<group>"; };
/* End PBXFileReference section */

/* Begin PBXFrameworksBuildPhase section */
		C10BAEAC25A207E000AE90C0 /* Frameworks */ = {
			isa = PBXFrameworksBuildPhase;
			buildActionMask = 2147483647;
			files = (
			);
			runOnlyForDeploymentPostprocessing = 0;
		};
		C1B2094725A1A83500EBE15A /* Frameworks */ = {
			isa = PBXFrameworksBuildPhase;
			buildActionMask = 2147483647;
			files = (
				39677C1BE5A65118358B39B7 /* Pods_memoooooo.framework in Frameworks */,
			);
			runOnlyForDeploymentPostprocessing = 0;
		};
		C1B2096025A1A83600EBE15A /* Frameworks */ = {
			isa = PBXFrameworksBuildPhase;
			buildActionMask = 2147483647;
			files = (
			);
			runOnlyForDeploymentPostprocessing = 0;
		};
		C1B2096B25A1A83600EBE15A /* Frameworks */ = {
			isa = PBXFrameworksBuildPhase;
			buildActionMask = 2147483647;
			files = (
			);
			runOnlyForDeploymentPostprocessing = 0;
		};
/* End PBXFrameworksBuildPhase section */

/* Begin PBXGroup section */
		ABB5F2647D6968BB34099C66 /* Pods */ = {
			isa = PBXGroup;
			children = (
				DD6C58167B7933CD1C35A834 /* Pods-memoooooo.debug.xcconfig */,
				3E3084E2E19F1BBCE0A60276 /* Pods-memoooooo.release.xcconfig */,
			);
			path = Pods;
			sourceTree = "<group>";
		};
		C10BAEA425A207DF00AE90C0 /* watch */ = {
			isa = PBXGroup;
			children = (
				C10BAEA525A207DF00AE90C0 /* Interface.storyboard */,
				C10BAEA825A207E000AE90C0 /* Assets.xcassets */,
				C10BAEAA25A207E000AE90C0 /* Info.plist */,
			);
			path = watch;
			sourceTree = "<group>";
		};
		C10BAEB325A207E000AE90C0 /* watch Extension */ = {
			isa = PBXGroup;
			children = (
				C10BAEB425A207E000AE90C0 /* InterfaceController.swift */,
				C10BAEB625A207E000AE90C0 /* ExtensionDelegate.swift */,
				C10BAEB825A207E000AE90C0 /* NotificationController.swift */,
				C10BAEBA25A207E000AE90C0 /* ComplicationController.swift */,
				C10BAEBC25A207E100AE90C0 /* Assets.xcassets */,
				C10BAEBE25A207E100AE90C0 /* Info.plist */,
				C10BAEBF25A207E100AE90C0 /* PushNotificationPayload.apns */,
				C10BAEDF25A212D300AE90C0 /* ItemRow.swift */,
			);
			path = "watch Extension";
			sourceTree = "<group>";
		};
		C1B2094125A1A83500EBE15A = {
			isa = PBXGroup;
			children = (
				C1B2094C25A1A83500EBE15A /* memoooooo */,
				C1B2096625A1A83600EBE15A /* memooooooTests */,
				C1B2097125A1A83600EBE15A /* memooooooUITests */,
				C10BAEA425A207DF00AE90C0 /* watch */,
				C10BAEB325A207E000AE90C0 /* watch Extension */,
				C1B2094B25A1A83500EBE15A /* Products */,
				ABB5F2647D6968BB34099C66 /* Pods */,
				C9F03302BDBC096B0EB2D9C5 /* Frameworks */,
			);
			sourceTree = "<group>";
		};
		C1B2094B25A1A83500EBE15A /* Products */ = {
			isa = PBXGroup;
			children = (
				C1B2094A25A1A83500EBE15A /* memoooooo.app */,
				C1B2096325A1A83600EBE15A /* memooooooTests.xctest */,
				C1B2096E25A1A83600EBE15A /* memooooooUITests.xctest */,
				C10BAEA325A207DF00AE90C0 /* watch.app */,
				C10BAEAF25A207E000AE90C0 /* watch Extension.appex */,
			);
			name = Products;
			sourceTree = "<group>";
		};
		C1B2094C25A1A83500EBE15A /* memoooooo */ = {
			isa = PBXGroup;
			children = (
				C1B2094D25A1A83500EBE15A /* AppDelegate.swift */,
				C1B2094F25A1A83500EBE15A /* SceneDelegate.swift */,
				C1B2095125A1A83500EBE15A /* ViewController.swift */,
				C1B2095925A1A83600EBE15A /* Assets.xcassets */,
				C1B2095B25A1A83600EBE15A /* LaunchScreen.storyboard */,
				C1B2095E25A1A83600EBE15A /* Info.plist */,
				C1B2095625A1A83500EBE15A /* memoooooo.xcdatamodeld */,
				C1B2098625A1A88300EBE15A /* mainViewController.swift */,
				C1B2098725A1A88300EBE15A /* mainViewController.xib */,
				C157456925A1C710007C4139 /* listTableViewCell.swift */,
				C157456A25A1C710007C4139 /* listTableViewCell.xib */,
				C10BAE9125A1D06300AE90C0 /* memoObject.swift */,
				C10BAE9C25A1FFE500AE90C0 /* RealmUtil.swift */,
			);
			path = memoooooo;
			sourceTree = "<group>";
		};
		C1B2096625A1A83600EBE15A /* memooooooTests */ = {
			isa = PBXGroup;
			children = (
				C1B2096725A1A83600EBE15A /* memooooooTests.swift */,
				C1B2096925A1A83600EBE15A /* Info.plist */,
			);
			path = memooooooTests;
			sourceTree = "<group>";
		};
		C1B2097125A1A83600EBE15A /* memooooooUITests */ = {
			isa = PBXGroup;
			children = (
				C1B2097225A1A83600EBE15A /* memooooooUITests.swift */,
				C1B2097425A1A83600EBE15A /* Info.plist */,
			);
			path = memooooooUITests;
			sourceTree = "<group>";
		};
		C9F03302BDBC096B0EB2D9C5 /* Frameworks */ = {
			isa = PBXGroup;
			children = (
				A228569442217B3698791D77 /* Pods_memoooooo.framework */,
			);
			name = Frameworks;
			sourceTree = "<group>";
		};
/* End PBXGroup section */

/* Begin PBXNativeTarget section */
		C10BAEA225A207DF00AE90C0 /* watch */ = {
			isa = PBXNativeTarget;
			buildConfigurationList = C10BAEC725A207E100AE90C0 /* Build configuration list for PBXNativeTarget "watch" */;
			buildPhases = (
				C10BAEA125A207DF00AE90C0 /* Resources */,
				C10BAEC625A207E100AE90C0 /* Embed App Extensions */,
			);
			buildRules = (
			);
			dependencies = (
				C10BAEB225A207E000AE90C0 /* PBXTargetDependency */,
			);
			name = watch;
			productName = watch;
			productReference = C10BAEA325A207DF00AE90C0 /* watch.app */;
			productType = "com.apple.product-type.application.watchapp2";
		};
		C10BAEAE25A207E000AE90C0 /* watch Extension */ = {
			isa = PBXNativeTarget;
			buildConfigurationList = C10BAEC325A207E100AE90C0 /* Build configuration list for PBXNativeTarget "watch Extension" */;
			buildPhases = (
				C10BAEAB25A207E000AE90C0 /* Sources */,
				C10BAEAC25A207E000AE90C0 /* Frameworks */,
				C10BAEAD25A207E000AE90C0 /* Resources */,
			);
			buildRules = (
			);
			dependencies = (
			);
			name = "watch Extension";
			productName = "watch Extension";
			productReference = C10BAEAF25A207E000AE90C0 /* watch Extension.appex */;
			productType = "com.apple.product-type.watchkit2-extension";
		};
		C1B2094925A1A83500EBE15A /* memoooooo */ = {
			isa = PBXNativeTarget;
			buildConfigurationList = C1B2097725A1A83600EBE15A /* Build configuration list for PBXNativeTarget "memoooooo" */;
			buildPhases = (
				41B75B92DCC25E1B78DC26E0 /* [CP] Check Pods Manifest.lock */,
				C1B2094625A1A83500EBE15A /* Sources */,
				C1B2094725A1A83500EBE15A /* Frameworks */,
				C1B2094825A1A83500EBE15A /* Resources */,
				B0709559755DF07546AC8C0A /* [CP] Embed Pods Frameworks */,
				C10BAECA25A207E100AE90C0 /* Embed Watch Content */,
			);
			buildRules = (
			);
			dependencies = (
				C10BAEC125A207E100AE90C0 /* PBXTargetDependency */,
			);
			name = memoooooo;
			productName = memoooooo;
			productReference = C1B2094A25A1A83500EBE15A /* memoooooo.app */;
			productType = "com.apple.product-type.application";
		};
		C1B2096225A1A83600EBE15A /* memooooooTests */ = {
			isa = PBXNativeTarget;
			buildConfigurationList = C1B2097A25A1A83600EBE15A /* Build configuration list for PBXNativeTarget "memooooooTests" */;
			buildPhases = (
				C1B2095F25A1A83600EBE15A /* Sources */,
				C1B2096025A1A83600EBE15A /* Frameworks */,
				C1B2096125A1A83600EBE15A /* Resources */,
			);
			buildRules = (
			);
			dependencies = (
				C1B2096525A1A83600EBE15A /* PBXTargetDependency */,
			);
			name = memooooooTests;
			productName = memooooooTests;
			productReference = C1B2096325A1A83600EBE15A /* memooooooTests.xctest */;
			productType = "com.apple.product-type.bundle.unit-test";
		};
		C1B2096D25A1A83600EBE15A /* memooooooUITests */ = {
			isa = PBXNativeTarget;
			buildConfigurationList = C1B2097D25A1A83600EBE15A /* Build configuration list for PBXNativeTarget "memooooooUITests" */;
			buildPhases = (
				C1B2096A25A1A83600EBE15A /* Sources */,
				C1B2096B25A1A83600EBE15A /* Frameworks */,
				C1B2096C25A1A83600EBE15A /* Resources */,
			);
			buildRules = (
			);
			dependencies = (
				C1B2097025A1A83600EBE15A /* PBXTargetDependency */,
			);
			name = memooooooUITests;
			productName = memooooooUITests;
			productReference = C1B2096E25A1A83600EBE15A /* memooooooUITests.xctest */;
			productType = "com.apple.product-type.bundle.ui-testing";
		};
/* End PBXNativeTarget section */

/* Begin PBXProject section */
		C1B2094225A1A83500EBE15A /* Project object */ = {
			isa = PBXProject;
			attributes = {
				LastSwiftUpdateCheck = 1230;
				LastUpgradeCheck = 1230;
				TargetAttributes = {
					C10BAEA225A207DF00AE90C0 = {
						CreatedOnToolsVersion = 12.3;
					};
					C10BAEAE25A207E000AE90C0 = {
						CreatedOnToolsVersion = 12.3;
					};
					C1B2094925A1A83500EBE15A = {
						CreatedOnToolsVersion = 12.3;
					};
					C1B2096225A1A83600EBE15A = {
						CreatedOnToolsVersion = 12.3;
						TestTargetID = C1B2094925A1A83500EBE15A;
					};
					C1B2096D25A1A83600EBE15A = {
						CreatedOnToolsVersion = 12.3;
						TestTargetID = C1B2094925A1A83500EBE15A;
					};
				};
			};
			buildConfigurationList = C1B2094525A1A83500EBE15A /* Build configuration list for PBXProject "memoooooo" */;
			compatibilityVersion = "Xcode 9.3";
			developmentRegion = en;
			hasScannedForEncodings = 0;
			knownRegions = (
				en,
				Base,
			);
			mainGroup = C1B2094125A1A83500EBE15A;
			productRefGroup = C1B2094B25A1A83500EBE15A /* Products */;
			projectDirPath = "";
			projectRoot = "";
			targets = (
				C1B2094925A1A83500EBE15A /* memoooooo */,
				C1B2096225A1A83600EBE15A /* memooooooTests */,
				C1B2096D25A1A83600EBE15A /* memooooooUITests */,
				C10BAEA225A207DF00AE90C0 /* watch */,
				C10BAEAE25A207E000AE90C0 /* watch Extension */,
			);
		};
/* End PBXProject section */

/* Begin PBXResourcesBuildPhase section */
		C10BAEA125A207DF00AE90C0 /* Resources */ = {
			isa = PBXResourcesBuildPhase;
			buildActionMask = 2147483647;
			files = (
				C10BAEA925A207E000AE90C0 /* Assets.xcassets in Resources */,
				C10BAEA725A207DF00AE90C0 /* Interface.storyboard in Resources */,
			);
			runOnlyForDeploymentPostprocessing = 0;
		};
		C10BAEAD25A207E000AE90C0 /* Resources */ = {
			isa = PBXResourcesBuildPhase;
			buildActionMask = 2147483647;
			files = (
				C10BAEBD25A207E100AE90C0 /* Assets.xcassets in Resources */,
			);
			runOnlyForDeploymentPostprocessing = 0;
		};
		C1B2094825A1A83500EBE15A /* Resources */ = {
			isa = PBXResourcesBuildPhase;
			buildActionMask = 2147483647;
			files = (
				C1B2095D25A1A83600EBE15A /* LaunchScreen.storyboard in Resources */,
				C157456C25A1C710007C4139 /* listTableViewCell.xib in Resources */,
				C1B2095A25A1A83600EBE15A /* Assets.xcassets in Resources */,
				C1B2098925A1A88300EBE15A /* mainViewController.xib in Resources */,
			);
			runOnlyForDeploymentPostprocessing = 0;
		};
		C1B2096125A1A83600EBE15A /* Resources */ = {
			isa = PBXResourcesBuildPhase;
			buildActionMask = 2147483647;
			files = (
			);
			runOnlyForDeploymentPostprocessing = 0;
		};
		C1B2096C25A1A83600EBE15A /* Resources */ = {
			isa = PBXResourcesBuildPhase;
			buildActionMask = 2147483647;
			files = (
			);
			runOnlyForDeploymentPostprocessing = 0;
		};
/* End PBXResourcesBuildPhase section */

/* Begin PBXShellScriptBuildPhase section */
		41B75B92DCC25E1B78DC26E0 /* [CP] Check Pods Manifest.lock */ = {
			isa = PBXShellScriptBuildPhase;
			buildActionMask = 2147483647;
			files = (
			);
			inputFileListPaths = (
			);
			inputPaths = (
				"${PODS_PODFILE_DIR_PATH}/Podfile.lock",
				"${PODS_ROOT}/Manifest.lock",
			);
			name = "[CP] Check Pods Manifest.lock";
			outputFileListPaths = (
			);
			outputPaths = (
				"$(DERIVED_FILE_DIR)/Pods-memoooooo-checkManifestLockResult.txt",
			);
			runOnlyForDeploymentPostprocessing = 0;
			shellPath = /bin/sh;
			shellScript = "diff \"${PODS_PODFILE_DIR_PATH}/Podfile.lock\" \"${PODS_ROOT}/Manifest.lock\" > /dev/null\nif [ $? != 0 ] ; then\n    # print error to STDERR\n    echo \"error: The sandbox is not in sync with the Podfile.lock. Run 'pod install' or update your CocoaPods installation.\" >&2\n    exit 1\nfi\n# This output is used by Xcode 'outputs' to avoid re-running this script phase.\necho \"SUCCESS\" > \"${SCRIPT_OUTPUT_FILE_0}\"\n";
			showEnvVarsInLog = 0;
		};
		B0709559755DF07546AC8C0A /* [CP] Embed Pods Frameworks */ = {
			isa = PBXShellScriptBuildPhase;
			buildActionMask = 2147483647;
			files = (
			);
			inputFileListPaths = (
				"${PODS_ROOT}/Target Support Files/Pods-memoooooo/Pods-memoooooo-frameworks-${CONFIGURATION}-input-files.xcfilelist",
			);
			name = "[CP] Embed Pods Frameworks";
			outputFileListPaths = (
				"${PODS_ROOT}/Target Support Files/Pods-memoooooo/Pods-memoooooo-frameworks-${CONFIGURATION}-output-files.xcfilelist",
			);
			runOnlyForDeploymentPostprocessing = 0;
			shellPath = /bin/sh;
			shellScript = "\"${PODS_ROOT}/Target Support Files/Pods-memoooooo/Pods-memoooooo-frameworks.sh\"\n";
			showEnvVarsInLog = 0;
		};
/* End PBXShellScriptBuildPhase section */

/* Begin PBXSourcesBuildPhase section */
		C10BAEAB25A207E000AE90C0 /* Sources */ = {
			isa = PBXSourcesBuildPhase;
			buildActionMask = 2147483647;
			files = (
				C10BAEB925A207E000AE90C0 /* NotificationController.swift in Sources */,
				C10BAEBB25A207E000AE90C0 /* ComplicationController.swift in Sources */,
				C10BAEE025A212D300AE90C0 /* ItemRow.swift in Sources */,
				C10BAEB725A207E000AE90C0 /* ExtensionDelegate.swift in Sources */,
				C10BAEB525A207E000AE90C0 /* InterfaceController.swift in Sources */,
			);
			runOnlyForDeploymentPostprocessing = 0;
		};
		C1B2094625A1A83500EBE15A /* Sources */ = {
			isa = PBXSourcesBuildPhase;
			buildActionMask = 2147483647;
			files = (
				C1B2095225A1A83500EBE15A /* ViewController.swift in Sources */,
				C10BAE9D25A1FFE500AE90C0 /* RealmUtil.swift in Sources */,
				C1B2094E25A1A83500EBE15A /* AppDelegate.swift in Sources */,
				C1B2098825A1A88300EBE15A /* mainViewController.swift in Sources */,
				C157456B25A1C710007C4139 /* listTableViewCell.swift in Sources */,
				C1B2095025A1A83500EBE15A /* SceneDelegate.swift in Sources */,
				C10BAE9225A1D06300AE90C0 /* memoObject.swift in Sources */,
				C1B2095825A1A83500EBE15A /* memoooooo.xcdatamodeld in Sources */,
			);
			runOnlyForDeploymentPostprocessing = 0;
		};
		C1B2095F25A1A83600EBE15A /* Sources */ = {
			isa = PBXSourcesBuildPhase;
			buildActionMask = 2147483647;
			files = (
				C1B2096825A1A83600EBE15A /* memooooooTests.swift in Sources */,
			);
			runOnlyForDeploymentPostprocessing = 0;
		};
		C1B2096A25A1A83600EBE15A /* Sources */ = {
			isa = PBXSourcesBuildPhase;
			buildActionMask = 2147483647;
			files = (
				C1B2097325A1A83600EBE15A /* memooooooUITests.swift in Sources */,
			);
			runOnlyForDeploymentPostprocessing = 0;
		};
/* End PBXSourcesBuildPhase section */

/* Begin PBXTargetDependency section */
		C10BAEB225A207E000AE90C0 /* PBXTargetDependency */ = {
			isa = PBXTargetDependency;
			target = C10BAEAE25A207E000AE90C0 /* watch Extension */;
			targetProxy = C10BAEB125A207E000AE90C0 /* PBXContainerItemProxy */;
		};
		C10BAEC125A207E100AE90C0 /* PBXTargetDependency */ = {
			isa = PBXTargetDependency;
			target = C10BAEA225A207DF00AE90C0 /* watch */;
			targetProxy = C10BAEC025A207E100AE90C0 /* PBXContainerItemProxy */;
		};
		C1B2096525A1A83600EBE15A /* PBXTargetDependency */ = {
			isa = PBXTargetDependency;
			target = C1B2094925A1A83500EBE15A /* memoooooo */;
			targetProxy = C1B2096425A1A83600EBE15A /* PBXContainerItemProxy */;
		};
		C1B2097025A1A83600EBE15A /* PBXTargetDependency */ = {
			isa = PBXTargetDependency;
			target = C1B2094925A1A83500EBE15A /* memoooooo */;
			targetProxy = C1B2096F25A1A83600EBE15A /* PBXContainerItemProxy */;
		};
/* End PBXTargetDependency section */

/* Begin PBXVariantGroup section */
		C10BAEA525A207DF00AE90C0 /* Interface.storyboard */ = {
			isa = PBXVariantGroup;
			children = (
				C10BAEA625A207DF00AE90C0 /* Base */,
			);
			name = Interface.storyboard;
			sourceTree = "<group>";
		};
		C1B2095B25A1A83600EBE15A /* LaunchScreen.storyboard */ = {
			isa = PBXVariantGroup;
			children = (
				C1B2095C25A1A83600EBE15A /* Base */,
			);
			name = LaunchScreen.storyboard;
			sourceTree = "<group>";
		};
/* End PBXVariantGroup section */

/* Begin XCBuildConfiguration section */
		C10BAEC425A207E100AE90C0 /* Debug */ = {
			isa = XCBuildConfiguration;
			buildSettings = {
				ASSETCATALOG_COMPILER_COMPLICATION_NAME = Complication;
				CODE_SIGN_STYLE = Automatic;
				DEVELOPMENT_TEAM = 9JD734J5X3;
				INFOPLIST_FILE = "watch Extension/Info.plist";
				LD_RUNPATH_SEARCH_PATHS = (
					"$(inherited)",
					"@executable_path/Frameworks",
					"@executable_path/../../Frameworks",
				);
				PRODUCT_BUNDLE_IDENTIFIER = com.shokoni.memoooooo.watchkitapp.watchkitextension;
				PRODUCT_NAME = "${TARGET_NAME}";
				SDKROOT = watchos;
				SKIP_INSTALL = YES;
				SWIFT_VERSION = 5.0;
				TARGETED_DEVICE_FAMILY = 4;
				WATCHOS_DEPLOYMENT_TARGET = 7.0;
			};
			name = Debug;
		};
		C10BAEC525A207E100AE90C0 /* Release */ = {
			isa = XCBuildConfiguration;
			buildSettings = {
				ASSETCATALOG_COMPILER_COMPLICATION_NAME = Complication;
				CODE_SIGN_STYLE = Automatic;
				DEVELOPMENT_TEAM = 9JD734J5X3;
				INFOPLIST_FILE = "watch Extension/Info.plist";
				LD_RUNPATH_SEARCH_PATHS = (
					"$(inherited)",
					"@executable_path/Frameworks",
					"@executable_path/../../Frameworks",
				);
				PRODUCT_BUNDLE_IDENTIFIER = com.shokoni.memoooooo.watchkitapp.watchkitextension;
				PRODUCT_NAME = "${TARGET_NAME}";
				SDKROOT = watchos;
				SKIP_INSTALL = YES;
				SWIFT_VERSION = 5.0;
				TARGETED_DEVICE_FAMILY = 4;
				WATCHOS_DEPLOYMENT_TARGET = 7.0;
			};
			name = Release;
		};
		C10BAEC825A207E100AE90C0 /* Debug */ = {
			isa = XCBuildConfiguration;
			buildSettings = {
				ALWAYS_EMBED_SWIFT_STANDARD_LIBRARIES = YES;
				ASSETCATALOG_COMPILER_APPICON_NAME = AppIcon;
				ASSETCATALOG_COMPILER_GLOBAL_ACCENT_COLOR_NAME = AccentColor;
				CODE_SIGN_STYLE = Automatic;
				DEVELOPMENT_TEAM = 9JD734J5X3;
				IBSC_MODULE = watch_Extension;
				INFOPLIST_FILE = watch/Info.plist;
				PRODUCT_BUNDLE_IDENTIFIER = com.shokoni.memoooooo.watchkitapp;
				PRODUCT_NAME = "$(TARGET_NAME)";
				SDKROOT = watchos;
				SKIP_INSTALL = YES;
				SWIFT_VERSION = 5.0;
				TARGETED_DEVICE_FAMILY = 4;
				WATCHOS_DEPLOYMENT_TARGET = 7.0;
			};
			name = Debug;
		};
		C10BAEC925A207E100AE90C0 /* Release */ = {
			isa = XCBuildConfiguration;
			buildSettings = {
				ALWAYS_EMBED_SWIFT_STANDARD_LIBRARIES = YES;
				ASSETCATALOG_COMPILER_APPICON_NAME = AppIcon;
				ASSETCATALOG_COMPILER_GLOBAL_ACCENT_COLOR_NAME = AccentColor;
				CODE_SIGN_STYLE = Automatic;
				DEVELOPMENT_TEAM = 9JD734J5X3;
				IBSC_MODULE = watch_Extension;
				INFOPLIST_FILE = watch/Info.plist;
				PRODUCT_BUNDLE_IDENTIFIER = com.shokoni.memoooooo.watchkitapp;
				PRODUCT_NAME = "$(TARGET_NAME)";
				SDKROOT = watchos;
				SKIP_INSTALL = YES;
				SWIFT_VERSION = 5.0;
				TARGETED_DEVICE_FAMILY = 4;
				WATCHOS_DEPLOYMENT_TARGET = 7.0;
			};
			name = Release;
		};
		C1B2097525A1A83600EBE15A /* Debug */ = {
			isa = XCBuildConfiguration;
			buildSettings = {
				ALWAYS_SEARCH_USER_PATHS = NO;
				CLANG_ANALYZER_NONNULL = YES;
				CLANG_ANALYZER_NUMBER_OBJECT_CONVERSION = YES_AGGRESSIVE;
				CLANG_CXX_LANGUAGE_STANDARD = "gnu++14";
				CLANG_CXX_LIBRARY = "libc++";
				CLANG_ENABLE_MODULES = YES;
				CLANG_ENABLE_OBJC_ARC = YES;
				CLANG_ENABLE_OBJC_WEAK = YES;
				CLANG_WARN_BLOCK_CAPTURE_AUTORELEASING = YES;
				CLANG_WARN_BOOL_CONVERSION = YES;
				CLANG_WARN_COMMA = YES;
				CLANG_WARN_CONSTANT_CONVERSION = YES;
				CLANG_WARN_DEPRECATED_OBJC_IMPLEMENTATIONS = YES;
				CLANG_WARN_DIRECT_OBJC_ISA_USAGE = YES_ERROR;
				CLANG_WARN_DOCUMENTATION_COMMENTS = YES;
				CLANG_WARN_EMPTY_BODY = YES;
				CLANG_WARN_ENUM_CONVERSION = YES;
				CLANG_WARN_INFINITE_RECURSION = YES;
				CLANG_WARN_INT_CONVERSION = YES;
				CLANG_WARN_NON_LITERAL_NULL_CONVERSION = YES;
				CLANG_WARN_OBJC_IMPLICIT_RETAIN_SELF = YES;
				CLANG_WARN_OBJC_LITERAL_CONVERSION = YES;
				CLANG_WARN_OBJC_ROOT_CLASS = YES_ERROR;
				CLANG_WARN_QUOTED_INCLUDE_IN_FRAMEWORK_HEADER = YES;
				CLANG_WARN_RANGE_LOOP_ANALYSIS = YES;
				CLANG_WARN_STRICT_PROTOTYPES = YES;
				CLANG_WARN_SUSPICIOUS_MOVE = YES;
				CLANG_WARN_UNGUARDED_AVAILABILITY = YES_AGGRESSIVE;
				CLANG_WARN_UNREACHABLE_CODE = YES;
				CLANG_WARN__DUPLICATE_METHOD_MATCH = YES;
				COPY_PHASE_STRIP = NO;
				DEBUG_INFORMATION_FORMAT = dwarf;
				ENABLE_STRICT_OBJC_MSGSEND = YES;
				ENABLE_TESTABILITY = YES;
				GCC_C_LANGUAGE_STANDARD = gnu11;
				GCC_DYNAMIC_NO_PIC = NO;
				GCC_NO_COMMON_BLOCKS = YES;
				GCC_OPTIMIZATION_LEVEL = 0;
				GCC_PREPROCESSOR_DEFINITIONS = (
					"DEBUG=1",
					"$(inherited)",
				);
				GCC_WARN_64_TO_32_BIT_CONVERSION = YES;
				GCC_WARN_ABOUT_RETURN_TYPE = YES_ERROR;
				GCC_WARN_UNDECLARED_SELECTOR = YES;
				GCC_WARN_UNINITIALIZED_AUTOS = YES_AGGRESSIVE;
				GCC_WARN_UNUSED_FUNCTION = YES;
				GCC_WARN_UNUSED_VARIABLE = YES;
				IPHONEOS_DEPLOYMENT_TARGET = 14.0;
				MTL_ENABLE_DEBUG_INFO = INCLUDE_SOURCE;
				MTL_FAST_MATH = YES;
				ONLY_ACTIVE_ARCH = YES;
				SDKROOT = iphoneos;
				SWIFT_ACTIVE_COMPILATION_CONDITIONS = DEBUG;
				SWIFT_OPTIMIZATION_LEVEL = "-Onone";
			};
			name = Debug;
		};
		C1B2097625A1A83600EBE15A /* Release */ = {
			isa = XCBuildConfiguration;
			buildSettings = {
				ALWAYS_SEARCH_USER_PATHS = NO;
				CLANG_ANALYZER_NONNULL = YES;
				CLANG_ANALYZER_NUMBER_OBJECT_CONVERSION = YES_AGGRESSIVE;
				CLANG_CXX_LANGUAGE_STANDARD = "gnu++14";
				CLANG_CXX_LIBRARY = "libc++";
				CLANG_ENABLE_MODULES = YES;
				CLANG_ENABLE_OBJC_ARC = YES;
				CLANG_ENABLE_OBJC_WEAK = YES;
				CLANG_WARN_BLOCK_CAPTURE_AUTORELEASING = YES;
				CLANG_WARN_BOOL_CONVERSION = YES;
				CLANG_WARN_COMMA = YES;
				CLANG_WARN_CONSTANT_CONVERSION = YES;
				CLANG_WARN_DEPRECATED_OBJC_IMPLEMENTATIONS = YES;
				CLANG_WARN_DIRECT_OBJC_ISA_USAGE = YES_ERROR;
				CLANG_WARN_DOCUMENTATION_COMMENTS = YES;
				CLANG_WARN_EMPTY_BODY = YES;
				CLANG_WARN_ENUM_CONVERSION = YES;
				CLANG_WARN_INFINITE_RECURSION = YES;
				CLANG_WARN_INT_CONVERSION = YES;
				CLANG_WARN_NON_LITERAL_NULL_CONVERSION = YES;
				CLANG_WARN_OBJC_IMPLICIT_RETAIN_SELF = YES;
				CLANG_WARN_OBJC_LITERAL_CONVERSION = YES;
				CLANG_WARN_OBJC_ROOT_CLASS = YES_ERROR;
				CLANG_WARN_QUOTED_INCLUDE_IN_FRAMEWORK_HEADER = YES;
				CLANG_WARN_RANGE_LOOP_ANALYSIS = YES;
				CLANG_WARN_STRICT_PROTOTYPES = YES;
				CLANG_WARN_SUSPICIOUS_MOVE = YES;
				CLANG_WARN_UNGUARDED_AVAILABILITY = YES_AGGRESSIVE;
				CLANG_WARN_UNREACHABLE_CODE = YES;
				CLANG_WARN__DUPLICATE_METHOD_MATCH = YES;
				COPY_PHASE_STRIP = NO;
				DEBUG_INFORMATION_FORMAT = "dwarf-with-dsym";
				ENABLE_NS_ASSERTIONS = NO;
				ENABLE_STRICT_OBJC_MSGSEND = YES;
				GCC_C_LANGUAGE_STANDARD = gnu11;
				GCC_NO_COMMON_BLOCKS = YES;
				GCC_WARN_64_TO_32_BIT_CONVERSION = YES;
				GCC_WARN_ABOUT_RETURN_TYPE = YES_ERROR;
				GCC_WARN_UNDECLARED_SELECTOR = YES;
				GCC_WARN_UNINITIALIZED_AUTOS = YES_AGGRESSIVE;
				GCC_WARN_UNUSED_FUNCTION = YES;
				GCC_WARN_UNUSED_VARIABLE = YES;
				IPHONEOS_DEPLOYMENT_TARGET = 14.0;
				MTL_ENABLE_DEBUG_INFO = NO;
				MTL_FAST_MATH = YES;
				SDKROOT = iphoneos;
				SWIFT_COMPILATION_MODE = wholemodule;
				SWIFT_OPTIMIZATION_LEVEL = "-O";
				VALIDATE_PRODUCT = YES;
			};
			name = Release;
		};
		C1B2097825A1A83600EBE15A /* Debug */ = {
			isa = XCBuildConfiguration;
			baseConfigurationReference = DD6C58167B7933CD1C35A834 /* Pods-memoooooo.debug.xcconfig */;
			buildSettings = {
				ASSETCATALOG_COMPILER_APPICON_NAME = AppIcon;
				ASSETCATALOG_COMPILER_GLOBAL_ACCENT_COLOR_NAME = AccentColor;
				CODE_SIGN_STYLE = Automatic;
				DEVELOPMENT_TEAM = 9JD734J5X3;
				INFOPLIST_FILE = memoooooo/Info.plist;
				LD_RUNPATH_SEARCH_PATHS = (
					"$(inherited)",
					"@executable_path/Frameworks",
				);
				PRODUCT_BUNDLE_IDENTIFIER = com.shokoni.memoooooo;
				PRODUCT_NAME = "$(TARGET_NAME)";
				SWIFT_VERSION = 5.0;
				TARGETED_DEVICE_FAMILY = 1;
			};
			name = Debug;
		};
		C1B2097925A1A83600EBE15A /* Release */ = {
			isa = XCBuildConfiguration;
			baseConfigurationReference = 3E3084E2E19F1BBCE0A60276 /* Pods-memoooooo.release.xcconfig */;
			buildSettings = {
				ASSETCATALOG_COMPILER_APPICON_NAME = AppIcon;
				ASSETCATALOG_COMPILER_GLOBAL_ACCENT_COLOR_NAME = AccentColor;
				CODE_SIGN_STYLE = Automatic;
				DEVELOPMENT_TEAM = 9JD734J5X3;
				INFOPLIST_FILE = memoooooo/Info.plist;
				LD_RUNPATH_SEARCH_PATHS = (
					"$(inherited)",
					"@executable_path/Frameworks",
				);
				PRODUCT_BUNDLE_IDENTIFIER = com.shokoni.memoooooo;
				PRODUCT_NAME = "$(TARGET_NAME)";
				SWIFT_VERSION = 5.0;
				TARGETED_DEVICE_FAMILY = 1;
			};
			name = Release;
		};
		C1B2097B25A1A83600EBE15A /* Debug */ = {
			isa = XCBuildConfiguration;
			buildSettings = {
				ALWAYS_EMBED_SWIFT_STANDARD_LIBRARIES = YES;
				BUNDLE_LOADER = "$(TEST_HOST)";
				CODE_SIGN_STYLE = Automatic;
				DEVELOPMENT_TEAM = 9JD734J5X3;
				INFOPLIST_FILE = memooooooTests/Info.plist;
				IPHONEOS_DEPLOYMENT_TARGET = 14.3;
				LD_RUNPATH_SEARCH_PATHS = (
					"$(inherited)",
					"@executable_path/Frameworks",
					"@loader_path/Frameworks",
				);
				PRODUCT_BUNDLE_IDENTIFIER = com.shokoni.memooooooTests;
				PRODUCT_NAME = "$(TARGET_NAME)";
				SWIFT_VERSION = 5.0;
				TARGETED_DEVICE_FAMILY = "1,2";
				TEST_HOST = "$(BUILT_PRODUCTS_DIR)/memoooooo.app/memoooooo";
			};
			name = Debug;
		};
		C1B2097C25A1A83600EBE15A /* Release */ = {
			isa = XCBuildConfiguration;
			buildSettings = {
				ALWAYS_EMBED_SWIFT_STANDARD_LIBRARIES = YES;
				BUNDLE_LOADER = "$(TEST_HOST)";
				CODE_SIGN_STYLE = Automatic;
				DEVELOPMENT_TEAM = 9JD734J5X3;
				INFOPLIST_FILE = memooooooTests/Info.plist;
				IPHONEOS_DEPLOYMENT_TARGET = 14.3;
				LD_RUNPATH_SEARCH_PATHS = (
					"$(inherited)",
					"@executable_path/Frameworks",
					"@loader_path/Frameworks",
				);
				PRODUCT_BUNDLE_IDENTIFIER = com.shokoni.memooooooTests;
				PRODUCT_NAME = "$(TARGET_NAME)";
				SWIFT_VERSION = 5.0;
				TARGETED_DEVICE_FAMILY = "1,2";
				TEST_HOST = "$(BUILT_PRODUCTS_DIR)/memoooooo.app/memoooooo";
			};
			name = Release;
		};
		C1B2097E25A1A83600EBE15A /* Debug */ = {
			isa = XCBuildConfiguration;
			buildSettings = {
				ALWAYS_EMBED_SWIFT_STANDARD_LIBRARIES = YES;
				CODE_SIGN_STYLE = Automatic;
				DEVELOPMENT_TEAM = 9JD734J5X3;
				INFOPLIST_FILE = memooooooUITests/Info.plist;
				LD_RUNPATH_SEARCH_PATHS = (
					"$(inherited)",
					"@executable_path/Frameworks",
					"@loader_path/Frameworks",
				);
				PRODUCT_BUNDLE_IDENTIFIER = com.shokoni.memooooooUITests;
				PRODUCT_NAME = "$(TARGET_NAME)";
				SWIFT_VERSION = 5.0;
				TARGETED_DEVICE_FAMILY = "1,2";
				TEST_TARGET_NAME = memoooooo;
			};
			name = Debug;
		};
		C1B2097F25A1A83600EBE15A /* Release */ = {
			isa = XCBuildConfiguration;
			buildSettings = {
				ALWAYS_EMBED_SWIFT_STANDARD_LIBRARIES = YES;
				CODE_SIGN_STYLE = Automatic;
				DEVELOPMENT_TEAM = 9JD734J5X3;
				INFOPLIST_FILE = memooooooUITests/Info.plist;
				LD_RUNPATH_SEARCH_PATHS = (
					"$(inherited)",
					"@executable_path/Frameworks",
					"@loader_path/Frameworks",
				);
				PRODUCT_BUNDLE_IDENTIFIER = com.shokoni.memooooooUITests;
				PRODUCT_NAME = "$(TARGET_NAME)";
				SWIFT_VERSION = 5.0;
				TARGETED_DEVICE_FAMILY = "1,2";
				TEST_TARGET_NAME = memoooooo;
			};
			name = Release;
		};
/* End XCBuildConfiguration section */

/* Begin XCConfigurationList section */
		C10BAEC325A207E100AE90C0 /* Build configuration list for PBXNativeTarget "watch Extension" */ = {
			isa = XCConfigurationList;
			buildConfigurations = (
				C10BAEC425A207E100AE90C0 /* Debug */,
				C10BAEC525A207E100AE90C0 /* Release */,
			);
			defaultConfigurationIsVisible = 0;
			defaultConfigurationName = Release;
		};
		C10BAEC725A207E100AE90C0 /* Build configuration list for PBXNativeTarget "watch" */ = {
			isa = XCConfigurationList;
			buildConfigurations = (
				C10BAEC825A207E100AE90C0 /* Debug */,
				C10BAEC925A207E100AE90C0 /* Release */,
			);
			defaultConfigurationIsVisible = 0;
			defaultConfigurationName = Release;
		};
		C1B2094525A1A83500EBE15A /* Build configuration list for PBXProject "memoooooo" */ = {
			isa = XCConfigurationList;
			buildConfigurations = (
				C1B2097525A1A83600EBE15A /* Debug */,
				C1B2097625A1A83600EBE15A /* Release */,
			);
			defaultConfigurationIsVisible = 0;
			defaultConfigurationName = Release;
		};
		C1B2097725A1A83600EBE15A /* Build configuration list for PBXNativeTarget "memoooooo" */ = {
			isa = XCConfigurationList;
			buildConfigurations = (
				C1B2097825A1A83600EBE15A /* Debug */,
				C1B2097925A1A83600EBE15A /* Release */,
			);
			defaultConfigurationIsVisible = 0;
			defaultConfigurationName = Release;
		};
		C1B2097A25A1A83600EBE15A /* Build configuration list for PBXNativeTarget "memooooooTests" */ = {
			isa = XCConfigurationList;
			buildConfigurations = (
				C1B2097B25A1A83600EBE15A /* Debug */,
				C1B2097C25A1A83600EBE15A /* Release */,
			);
			defaultConfigurationIsVisible = 0;
			defaultConfigurationName = Release;
		};
		C1B2097D25A1A83600EBE15A /* Build configuration list for PBXNativeTarget "memooooooUITests" */ = {
			isa = XCConfigurationList;
			buildConfigurations = (
				C1B2097E25A1A83600EBE15A /* Debug */,
				C1B2097F25A1A83600EBE15A /* Release */,
			);
			defaultConfigurationIsVisible = 0;
			defaultConfigurationName = Release;
		};
/* End XCConfigurationList section */

/* Begin XCVersionGroup section */
		C1B2095625A1A83500EBE15A /* memoooooo.xcdatamodeld */ = {
			isa = XCVersionGroup;
			children = (
				C1B2095725A1A83500EBE15A /* memoooooo.xcdatamodel */,
			);
			currentVersion = C1B2095725A1A83500EBE15A /* memoooooo.xcdatamodel */;
			path = memoooooo.xcdatamodeld;
			sourceTree = "<group>";
			versionGroupType = wrapper.xcdatamodel;
		};
/* End XCVersionGroup section */
	};
	rootObject = C1B2094225A1A83500EBE15A /* Project object */;
}
